github.com/mtresnik/gomath v1.0.0 h1:Ql9psfvWk9v9cRuzskYlbKk28p1luYzodN3CIsPSLdM=
github.com/mtresnik/gomath v1.0.0/go.mod h1:n45xIsP/vNq43M+n4JoLddnRM/a03HKUaxAvb0nb/UU=
github.com/mtresnik/gomath v1.0.1 h1:lOA7aBIAMIqNj34TLk9yHbfu0JGb2DG69RSzFEYaPGQ=
github.com/mtresnik/gomath v1.0.1/go.mod h1:n45xIsP/vNq43M+n4JoLddnRM/a03HKUaxAvb0nb/UU=
github.com/mtresnik/gomath v1.1.1/go.mod h1:aflK19yIYDuuZdLbVduJobiuadXHlNfMaO1CiLgGoT4=
